
Microsoft Visual Studio Solution File, Format Version 12.00
# Visual Studio Version 17
VisualStudioVersion = 17.2.32616.157
MinimumVisualStudioVersion = 10.0.40219.1
Project("{9A19103F-16F7-4668-BE54-9A1E7A4F7556}") = "HPE_High_Speed_Lane_Parser", "HPE_PCIE_Lane_Parser\HPE_High_Speed_Lane_Parser.csproj", "{5B05558B-4AFF-45B0-BCBD-CDE48BE690C8}"
EndProject
Global
	GlobalSection(SolutionConfigurationPlatforms) = preSolution
		Debug|Any CPU = Debug|Any CPU
		Release|Any CPU = Release|Any CPU
	EndGlobalSection
	GlobalSection(ProjectConfigurationPlatforms) = postSolution
		{5B05558B-4AFF-45B0-BCBD-CDE48BE690C8}.Debug|Any CPU.ActiveCfg = Debug|Any CPU
		{5B05558B-4AFF-45B0-BCBD-CDE48BE690C8}.Debug|Any CPU.Build.0 = Debug|Any CPU
		{5B05558B-4AFF-45B0-BCBD-CDE48BE690C8}.Release|Any CPU.ActiveCfg = Release|Any CPU
		{5B05558B-4AFF-45B0-BCBD-CDE48BE690C8}.Release|Any CPU.Build.0 = Release|Any CPU
	EndGlobalSection
	GlobalSection(SolutionProperties) = preSolution
		HideSolutionNode = FALSE
	EndGlobalSection
	GlobalSection(ExtensibilityGlobals) = postSolution
		SolutionGuid = {5D292C6B-15AB-4DB0-B829-D0BD8523EC34}
	EndGlobalSection
EndGlobal
